
Microsoft Visual Studio Solution File, Format Version 12.00
# Visual Studio 14
VisualStudioVersion = 14.0.25420.1
MinimumVisualStudioVersion = 10.0.40219.1
Project("{2150E333-8FDC-42A3-9474-1A3956D46DE8}") = "Src", "Src", "{000E0146-EA8F-4C3E-9561-5A4C62A9A393}"
EndProject
Project("{2150E333-8FDC-42A3-9474-1A3956D46DE8}") = "Test", "Test", "{394895EC-A45D-4AD7-97B2-DA01E5E2726B}"
EndProject
Project("{2150E333-8FDC-42A3-9474-1A3956D46DE8}") = "Common", "Common", "{ADE46BA4-A788-4740-9F5A-8FC32D7CA1C6}"
EndProject
Project("{2150E333-8FDC-42A3-9474-1A3956D46DE8}") = "Interface", "Interface", "{6B866E66-7361-4E22-9964-5567269B3D2A}"
EndProject
Project("{2150E333-8FDC-42A3-9474-1A3956D46DE8}") = "Service", "Service", "{8D46D027-2648-4ABD-8FFF-30497BE78A49}"
EndProject
Project("{2150E333-8FDC-42A3-9474-1A3956D46DE8}") = "Common", "Common", "{A8A5D13D-16A9-4FA8-B74B-EB2408F7EC73}"
EndProject
Project("{2150E333-8FDC-42A3-9474-1A3956D46DE8}") = "Service", "Service", "{A8AAA312-ECFE-44AF-ACD6-1B882A783381}"
EndProject
Project("{FAE04EC0-301F-11D3-BF4B-00C04F79EFBC}") = "Domain", "Src\Common\Domain\Domain.csproj", "{D9E9BB70-4FDB-46B9-8D8D-4D22A7D98AAF}"
EndProject
Project("{FAE04EC0-301F-11D3-BF4B-00C04F79EFBC}") = "ServiceTest", "Test\Service\ServiceTest\ServiceTest.csproj", "{3368B788-DA34-4A38-BCBF-D014692434ED}"
EndProject
Project("{FAE04EC0-301F-11D3-BF4B-00C04F79EFBC}") = "Service", "Src\Service\Service\Service.csproj", "{68EEBA4D-A4C2-4080-92F5-B019711827FE}"
EndProject
Project("{FAE04EC0-301F-11D3-BF4B-00C04F79EFBC}") = "DomainTest", "Test\Common\DomainTest\DomainTest.csproj", "{068AE1CF-87E8-4F1E-BDE7-7D9EA1735261}"
EndProject
Project("{FAE04EC0-301F-11D3-BF4B-00C04F79EFBC}") = "Presentation", "Src\Common\Presentation\Presentation.csproj", "{05E4EC87-B996-4179-A906-EBC47B6A9230}"
EndProject
Project("{FAE04EC0-301F-11D3-BF4B-00C04F79EFBC}") = "PresentationTest", "Test\Common\PresentationTest\PresentationTest.csproj", "{DC1B5CF0-D9BA-4E88-BABE-5604FAC83EF4}"
EndProject
Project("{FAE04EC0-301F-11D3-BF4B-00C04F79EFBC}") = "App", "Src\App\App.csproj", "{30D48677-BF2E-4E5C-AF09-2C972E382B80}"
EndProject
Project("{FAE04EC0-301F-11D3-BF4B-00C04F79EFBC}") = "TestFramework", "Test\Common\TestFramework\TestFramework.csproj", "{62B82868-3FF8-48BB-8A12-7F3E36992CD6}"
EndProject
Project("{FAE04EC0-301F-11D3-BF4B-00C04F79EFBC}") = "RecommendationExporter", "Etc\Util\RecommendationExporter\RecommendationExporter.csproj", "{9AF528BA-DCE2-43FD-8D84-E0197A6080C7}"
EndProject
Project("{FAE04EC0-301F-11D3-BF4B-00C04F79EFBC}") = "RecommendationImporter", "Etc\Util\RecommendationImporter\RecommendationImporter.csproj", "{BF582291-5AA6-4D0A-8C28-A40926C10541}"
EndProject
Global
	GlobalSection(SolutionConfigurationPlatforms) = preSolution
		Debug|Any CPU = Debug|Any CPU
		Debug|x64 = Debug|x64
		Debug|x86 = Debug|x86
		Release|Any CPU = Release|Any CPU
		Release|x64 = Release|x64
		Release|x86 = Release|x86
	EndGlobalSection
	GlobalSection(ProjectConfigurationPlatforms) = postSolution
		{D9E9BB70-4FDB-46B9-8D8D-4D22A7D98AAF}.Debug|Any CPU.ActiveCfg = Debug|Any CPU
		{D9E9BB70-4FDB-46B9-8D8D-4D22A7D98AAF}.Debug|Any CPU.Build.0 = Debug|Any CPU
		{D9E9BB70-4FDB-46B9-8D8D-4D22A7D98AAF}.Debug|x64.ActiveCfg = Debug|x64
		{D9E9BB70-4FDB-46B9-8D8D-4D22A7D98AAF}.Debug|x64.Build.0 = Debug|x64
		{D9E9BB70-4FDB-46B9-8D8D-4D22A7D98AAF}.Debug|x86.ActiveCfg = Debug|x86
		{D9E9BB70-4FDB-46B9-8D8D-4D22A7D98AAF}.Debug|x86.Build.0 = Debug|x86
		{D9E9BB70-4FDB-46B9-8D8D-4D22A7D98AAF}.Release|Any CPU.ActiveCfg = Release|Any CPU
		{D9E9BB70-4FDB-46B9-8D8D-4D22A7D98AAF}.Release|Any CPU.Build.0 = Release|Any CPU
		{D9E9BB70-4FDB-46B9-8D8D-4D22A7D98AAF}.Release|x64.ActiveCfg = Release|x64
		{D9E9BB70-4FDB-46B9-8D8D-4D22A7D98AAF}.Release|x64.Build.0 = Release|x64
		{D9E9BB70-4FDB-46B9-8D8D-4D22A7D98AAF}.Release|x86.ActiveCfg = Release|x86
		{D9E9BB70-4FDB-46B9-8D8D-4D22A7D98AAF}.Release|x86.Build.0 = Release|x86
		{3368B788-DA34-4A38-BCBF-D014692434ED}.Debug|Any CPU.ActiveCfg = Debug|Any CPU
		{3368B788-DA34-4A38-BCBF-D014692434ED}.Debug|Any CPU.Build.0 = Debug|Any CPU
		{3368B788-DA34-4A38-BCBF-D014692434ED}.Debug|x64.ActiveCfg = Debug|x64
		{3368B788-DA34-4A38-BCBF-D014692434ED}.Debug|x64.Build.0 = Debug|x64
		{3368B788-DA34-4A38-BCBF-D014692434ED}.Debug|x86.ActiveCfg = Debug|x86
		{3368B788-DA34-4A38-BCBF-D014692434ED}.Debug|x86.Build.0 = Debug|x86
		{3368B788-DA34-4A38-BCBF-D014692434ED}.Release|Any CPU.ActiveCfg = Release|Any CPU
		{3368B788-DA34-4A38-BCBF-D014692434ED}.Release|Any CPU.Build.0 = Release|Any CPU
		{3368B788-DA34-4A38-BCBF-D014692434ED}.Release|x64.ActiveCfg = Release|x64
		{3368B788-DA34-4A38-BCBF-D014692434ED}.Release|x64.Build.0 = Release|x64
		{3368B788-DA34-4A38-BCBF-D014692434ED}.Release|x86.ActiveCfg = Release|x86
		{3368B788-DA34-4A38-BCBF-D014692434ED}.Release|x86.Build.0 = Release|x86
		{68EEBA4D-A4C2-4080-92F5-B019711827FE}.Debug|Any CPU.ActiveCfg = Debug|Any CPU
		{68EEBA4D-A4C2-4080-92F5-B019711827FE}.Debug|Any CPU.Build.0 = Debug|Any CPU
		{68EEBA4D-A4C2-4080-92F5-B019711827FE}.Debug|x64.ActiveCfg = Debug|x64
		{68EEBA4D-A4C2-4080-92F5-B019711827FE}.Debug|x64.Build.0 = Debug|x64
		{68EEBA4D-A4C2-4080-92F5-B019711827FE}.Debug|x86.ActiveCfg = Debug|x86
		{68EEBA4D-A4C2-4080-92F5-B019711827FE}.Debug|x86.Build.0 = Debug|x86
		{68EEBA4D-A4C2-4080-92F5-B019711827FE}.Release|Any CPU.ActiveCfg = Release|Any CPU
		{68EEBA4D-A4C2-4080-92F5-B019711827FE}.Release|Any CPU.Build.0 = Release|Any CPU
		{68EEBA4D-A4C2-4080-92F5-B019711827FE}.Release|x64.ActiveCfg = Release|x64
		{68EEBA4D-A4C2-4080-92F5-B019711827FE}.Release|x64.Build.0 = Release|x64
		{68EEBA4D-A4C2-4080-92F5-B019711827FE}.Release|x86.ActiveCfg = Release|x86
		{68EEBA4D-A4C2-4080-92F5-B019711827FE}.Release|x86.Build.0 = Release|x86
		{068AE1CF-87E8-4F1E-BDE7-7D9EA1735261}.Debug|Any CPU.ActiveCfg = Debug|Any CPU
		{068AE1CF-87E8-4F1E-BDE7-7D9EA1735261}.Debug|Any CPU.Build.0 = Debug|Any CPU
		{068AE1CF-87E8-4F1E-BDE7-7D9EA1735261}.Debug|x64.ActiveCfg = Debug|x64
		{068AE1CF-87E8-4F1E-BDE7-7D9EA1735261}.Debug|x64.Build.0 = Debug|x64
		{068AE1CF-87E8-4F1E-BDE7-7D9EA1735261}.Debug|x86.ActiveCfg = Debug|x86
		{068AE1CF-87E8-4F1E-BDE7-7D9EA1735261}.Debug|x86.Build.0 = Debug|x86
		{068AE1CF-87E8-4F1E-BDE7-7D9EA1735261}.Release|Any CPU.ActiveCfg = Release|Any CPU
		{068AE1CF-87E8-4F1E-BDE7-7D9EA1735261}.Release|Any CPU.Build.0 = Release|Any CPU
		{068AE1CF-87E8-4F1E-BDE7-7D9EA1735261}.Release|x64.ActiveCfg = Release|x64
		{068AE1CF-87E8-4F1E-BDE7-7D9EA1735261}.Release|x64.Build.0 = Release|x64
		{068AE1CF-87E8-4F1E-BDE7-7D9EA1735261}.Release|x86.ActiveCfg = Release|x86
		{068AE1CF-87E8-4F1E-BDE7-7D9EA1735261}.Release|x86.Build.0 = Release|x86
		{05E4EC87-B996-4179-A906-EBC47B6A9230}.Debug|Any CPU.ActiveCfg = Debug|Any CPU
		{05E4EC87-B996-4179-A906-EBC47B6A9230}.Debug|Any CPU.Build.0 = Debug|Any CPU
		{05E4EC87-B996-4179-A906-EBC47B6A9230}.Debug|x64.ActiveCfg = Debug|x64
		{05E4EC87-B996-4179-A906-EBC47B6A9230}.Debug|x64.Build.0 = Debug|x64
		{05E4EC87-B996-4179-A906-EBC47B6A9230}.Debug|x86.ActiveCfg = Debug|x86
		{05E4EC87-B996-4179-A906-EBC47B6A9230}.Debug|x86.Build.0 = Debug|x86
		{05E4EC87-B996-4179-A906-EBC47B6A9230}.Release|Any CPU.ActiveCfg = Release|Any CPU
		{05E4EC87-B996-4179-A906-EBC47B6A9230}.Release|Any CPU.Build.0 = Release|Any CPU
		{05E4EC87-B996-4179-A906-EBC47B6A9230}.Release|x64.ActiveCfg = Release|x64
		{05E4EC87-B996-4179-A906-EBC47B6A9230}.Release|x64.Build.0 = Release|x64
		{05E4EC87-B996-4179-A906-EBC47B6A9230}.Release|x86.ActiveCfg = Release|x86
		{05E4EC87-B996-4179-A906-EBC47B6A9230}.Release|x86.Build.0 = Release|x86
		{DC1B5CF0-D9BA-4E88-BABE-5604FAC83EF4}.Debug|Any CPU.ActiveCfg = Debug|Any CPU
		{DC1B5CF0-D9BA-4E88-BABE-5604FAC83EF4}.Debug|Any CPU.Build.0 = Debug|Any CPU
		{DC1B5CF0-D9BA-4E88-BABE-5604FAC83EF4}.Debug|x64.ActiveCfg = Debug|x64
		{DC1B5CF0-D9BA-4E88-BABE-5604FAC83EF4}.Debug|x64.Build.0 = Debug|x64
		{DC1B5CF0-D9BA-4E88-BABE-5604FAC83EF4}.Debug|x86.ActiveCfg = Debug|x86
		{DC1B5CF0-D9BA-4E88-BABE-5604FAC83EF4}.Debug|x86.Build.0 = Debug|x86
		{DC1B5CF0-D9BA-4E88-BABE-5604FAC83EF4}.Release|Any CPU.ActiveCfg = Release|Any CPU
		{DC1B5CF0-D9BA-4E88-BABE-5604FAC83EF4}.Release|Any CPU.Build.0 = Release|Any CPU
		{DC1B5CF0-D9BA-4E88-BABE-5604FAC83EF4}.Release|x64.ActiveCfg = Release|x64
		{DC1B5CF0-D9BA-4E88-BABE-5604FAC83EF4}.Release|x64.Build.0 = Release|x64
		{DC1B5CF0-D9BA-4E88-BABE-5604FAC83EF4}.Release|x86.ActiveCfg = Release|x86
		{DC1B5CF0-D9BA-4E88-BABE-5604FAC83EF4}.Release|x86.Build.0 = Release|x86
		{30D48677-BF2E-4E5C-AF09-2C972E382B80}.Debug|Any CPU.ActiveCfg = Debug|Any CPU
		{30D48677-BF2E-4E5C-AF09-2C972E382B80}.Debug|Any CPU.Build.0 = Debug|Any CPU
		{30D48677-BF2E-4E5C-AF09-2C972E382B80}.Debug|x64.ActiveCfg = Debug|x64
		{30D48677-BF2E-4E5C-AF09-2C972E382B80}.Debug|x64.Build.0 = Debug|x64
		{30D48677-BF2E-4E5C-AF09-2C972E382B80}.Debug|x86.ActiveCfg = Debug|Any CPU
		{30D48677-BF2E-4E5C-AF09-2C972E382B80}.Debug|x86.Build.0 = Debug|Any CPU
		{30D48677-BF2E-4E5C-AF09-2C972E382B80}.Release|Any CPU.ActiveCfg = Release|Any CPU
		{30D48677-BF2E-4E5C-AF09-2C972E382B80}.Release|Any CPU.Build.0 = Release|Any CPU
		{30D48677-BF2E-4E5C-AF09-2C972E382B80}.Release|x64.ActiveCfg = Release|x64
		{30D48677-BF2E-4E5C-AF09-2C972E382B80}.Release|x64.Build.0 = Release|x64
		{30D48677-BF2E-4E5C-AF09-2C972E382B80}.Release|x86.ActiveCfg = Release|Any CPU
		{30D48677-BF2E-4E5C-AF09-2C972E382B80}.Release|x86.Build.0 = Release|Any CPU
		{62B82868-3FF8-48BB-8A12-7F3E36992CD6}.Debug|Any CPU.ActiveCfg = Debug|Any CPU
		{62B82868-3FF8-48BB-8A12-7F3E36992CD6}.Debug|Any CPU.Build.0 = Debug|Any CPU
		{62B82868-3FF8-48BB-8A12-7F3E36992CD6}.Debug|x64.ActiveCfg = Debug|Any CPU
		{62B82868-3FF8-48BB-8A12-7F3E36992CD6}.Debug|x64.Build.0 = Debug|Any CPU
		{62B82868-3FF8-48BB-8A12-7F3E36992CD6}.Debug|x86.ActiveCfg = Debug|Any CPU
		{62B82868-3FF8-48BB-8A12-7F3E36992CD6}.Debug|x86.Build.0 = Debug|Any CPU
		{62B82868-3FF8-48BB-8A12-7F3E36992CD6}.Release|Any CPU.ActiveCfg = Release|Any CPU
		{62B82868-3FF8-48BB-8A12-7F3E36992CD6}.Release|Any CPU.Build.0 = Release|Any CPU
		{62B82868-3FF8-48BB-8A12-7F3E36992CD6}.Release|x64.ActiveCfg = Release|Any CPU
		{62B82868-3FF8-48BB-8A12-7F3E36992CD6}.Release|x64.Build.0 = Release|Any CPU
		{62B82868-3FF8-48BB-8A12-7F3E36992CD6}.Release|x86.ActiveCfg = Release|Any CPU
		{62B82868-3FF8-48BB-8A12-7F3E36992CD6}.Release|x86.Build.0 = Release|Any CPU
		{9AF528BA-DCE2-43FD-8D84-E0197A6080C7}.Debug|Any CPU.ActiveCfg = Debug|Any CPU
		{9AF528BA-DCE2-43FD-8D84-E0197A6080C7}.Debug|Any CPU.Build.0 = Debug|Any CPU
		{9AF528BA-DCE2-43FD-8D84-E0197A6080C7}.Debug|x64.ActiveCfg = Debug|Any CPU
		{9AF528BA-DCE2-43FD-8D84-E0197A6080C7}.Debug|x64.Build.0 = Debug|Any CPU
		{9AF528BA-DCE2-43FD-8D84-E0197A6080C7}.Debug|x86.ActiveCfg = Debug|Any CPU
		{9AF528BA-DCE2-43FD-8D84-E0197A6080C7}.Debug|x86.Build.0 = Debug|Any CPU
		{9AF528BA-DCE2-43FD-8D84-E0197A6080C7}.Release|Any CPU.ActiveCfg = Release|Any CPU
		{9AF528BA-DCE2-43FD-8D84-E0197A6080C7}.Release|Any CPU.Build.0 = Release|Any CPU
		{9AF528BA-DCE2-43FD-8D84-E0197A6080C7}.Release|x64.ActiveCfg = Release|Any CPU
		{9AF528BA-DCE2-43FD-8D84-E0197A6080C7}.Release|x64.Build.0 = Release|Any CPU
		{9AF528BA-DCE2-43FD-8D84-E0197A6080C7}.Release|x86.ActiveCfg = Release|Any CPU
		{9AF528BA-DCE2-43FD-8D84-E0197A6080C7}.Release|x86.Build.0 = Release|Any CPU
		{BF582291-5AA6-4D0A-8C28-A40926C10541}.Debug|Any CPU.ActiveCfg = Debug|Any CPU
		{BF582291-5AA6-4D0A-8C28-A40926C10541}.Debug|Any CPU.Build.0 = Debug|Any CPU
		{BF582291-5AA6-4D0A-8C28-A40926C10541}.Debug|x64.ActiveCfg = Debug|Any CPU
		{BF582291-5AA6-4D0A-8C28-A40926C10541}.Debug|x64.Build.0 = Debug|Any CPU
		{BF582291-5AA6-4D0A-8C28-A40926C10541}.Debug|x86.ActiveCfg = Debug|Any CPU
		{BF582291-5AA6-4D0A-8C28-A40926C10541}.Debug|x86.Build.0 = Debug|Any CPU
		{BF582291-5AA6-4D0A-8C28-A40926C10541}.Release|Any CPU.ActiveCfg = Release|Any CPU
		{BF582291-5AA6-4D0A-8C28-A40926C10541}.Release|Any CPU.Build.0 = Release|Any CPU
		{BF582291-5AA6-4D0A-8C28-A40926C10541}.Release|x64.ActiveCfg = Release|Any CPU
		{BF582291-5AA6-4D0A-8C28-A40926C10541}.Release|x64.Build.0 = Release|Any CPU
		{BF582291-5AA6-4D0A-8C28-A40926C10541}.Release|x86.ActiveCfg = Release|Any CPU
		{BF582291-5AA6-4D0A-8C28-A40926C10541}.Release|x86.Build.0 = Release|Any CPU
	EndGlobalSection
	GlobalSection(SolutionProperties) = preSolution
		HideSolutionNode = FALSE
	EndGlobalSection
	GlobalSection(NestedProjects) = preSolution
		{ADE46BA4-A788-4740-9F5A-8FC32D7CA1C6} = {000E0146-EA8F-4C3E-9561-5A4C62A9A393}
		{6B866E66-7361-4E22-9964-5567269B3D2A} = {000E0146-EA8F-4C3E-9561-5A4C62A9A393}
		{8D46D027-2648-4ABD-8FFF-30497BE78A49} = {000E0146-EA8F-4C3E-9561-5A4C62A9A393}
		{A8A5D13D-16A9-4FA8-B74B-EB2408F7EC73} = {394895EC-A45D-4AD7-97B2-DA01E5E2726B}
		{A8AAA312-ECFE-44AF-ACD6-1B882A783381} = {394895EC-A45D-4AD7-97B2-DA01E5E2726B}
		{D9E9BB70-4FDB-46B9-8D8D-4D22A7D98AAF} = {ADE46BA4-A788-4740-9F5A-8FC32D7CA1C6}
		{3368B788-DA34-4A38-BCBF-D014692434ED} = {A8AAA312-ECFE-44AF-ACD6-1B882A783381}
		{68EEBA4D-A4C2-4080-92F5-B019711827FE} = {8D46D027-2648-4ABD-8FFF-30497BE78A49}
		{068AE1CF-87E8-4F1E-BDE7-7D9EA1735261} = {A8A5D13D-16A9-4FA8-B74B-EB2408F7EC73}
		{05E4EC87-B996-4179-A906-EBC47B6A9230} = {ADE46BA4-A788-4740-9F5A-8FC32D7CA1C6}
		{DC1B5CF0-D9BA-4E88-BABE-5604FAC83EF4} = {A8A5D13D-16A9-4FA8-B74B-EB2408F7EC73}
		{30D48677-BF2E-4E5C-AF09-2C972E382B80} = {6B866E66-7361-4E22-9964-5567269B3D2A}
		{62B82868-3FF8-48BB-8A12-7F3E36992CD6} = {A8A5D13D-16A9-4FA8-B74B-EB2408F7EC73}
		{9AF528BA-DCE2-43FD-8D84-E0197A6080C7} = {6B866E66-7361-4E22-9964-5567269B3D2A}
		{BF582291-5AA6-4D0A-8C28-A40926C10541} = {6B866E66-7361-4E22-9964-5567269B3D2A}
	EndGlobalSection
EndGlobal
