test
Microsoft Visual Studio Solution File, Format Version 12.00
# Visual Studio 2012
Project("{2150E333-8FDC-42A3-9474-1A3956D46DE8}") = "Src", "Src", "{000E0146-EA8F-4C3E-9561-5A4C62A9A393}"
EndProject
Project("{2150E333-8FDC-42A3-9474-1A3956D46DE8}") = "Test", "Test", "{394895EC-A45D-4AD7-97B2-DA01E5E2726B}"
EndProject
Project("{2150E333-8FDC-42A3-9474-1A3956D46DE8}") = "Common", "Common", "{ADE46BA4-A788-4740-9F5A-8FC32D7CA1C6}"
EndProject
Project("{2150E333-8FDC-42A3-9474-1A3956D46DE8}") = "Interface", "Interface", "{6B866E66-7361-4E22-9964-5567269B3D2A}"
EndProject
Project("{2150E333-8FDC-42A3-9474-1A3956D46DE8}") = "Service", "Service", "{8D46D027-2648-4ABD-8FFF-30497BE78A49}"
EndProject
Project("{2150E333-8FDC-42A3-9474-1A3956D46DE8}") = "Common", "Common", "{A8A5D13D-16A9-4FA8-B74B-EB2408F7EC73}"
EndProject
Project("{2150E333-8FDC-42A3-9474-1A3956D46DE8}") = "Service", "Service", "{A8AAA312-ECFE-44AF-ACD6-1B882A783381}"
EndProject
Project("{FAE04EC0-301F-11D3-BF4B-00C04F79EFBC}") = "Domain", "Src\Common\Domain\Domain.csproj", "{D9E9BB70-4FDB-46B9-8D8D-4D22A7D98AAF}"
EndProject
Project("{FAE04EC0-301F-11D3-BF4B-00C04F79EFBC}") = "ServiceTest", "Test\Service\ServiceTest\ServiceTest.csproj", "{3368B788-DA34-4A38-BCBF-D014692434ED}"
EndProject
Project("{FAE04EC0-301F-11D3-BF4B-00C04F79EFBC}") = "Service", "Src\Service\Service\Service.csproj", "{68EEBA4D-A4C2-4080-92F5-B019711827FE}"
EndProject
Project("{FAE04EC0-301F-11D3-BF4B-00C04F79EFBC}") = "DomainTest", "Test\Common\DomainTest\DomainTest.csproj", "{068AE1CF-87E8-4F1E-BDE7-7D9EA1735261}"
EndProject
Project("{FAE04EC0-301F-11D3-BF4B-00C04F79EFBC}") = "Presentation", "Src\Common\Presentation\Presentation.csproj", "{05E4EC87-B996-4179-A906-EBC47B6A9230}"
EndProject
Project("{FAE04EC0-301F-11D3-BF4B-00C04F79EFBC}") = "PresentationTest", "Test\Common\PresentationTest\PresentationTest.csproj", "{DC1B5CF0-D9BA-4E88-BABE-5604FAC83EF4}"
EndProject
Project("{FAE04EC0-301F-11D3-BF4B-00C04F79EFBC}") = "Library", "Src\Interface\Library\Library.csproj", "{687DE734-C12E-4628-834D-C5F0F9F5AAA1}"
EndProject
Global
	GlobalSection(SolutionConfigurationPlatforms) = preSolution
		Debug|Any CPU = Debug|Any CPU
		Release|Any CPU = Release|Any CPU
	EndGlobalSection
	GlobalSection(ProjectConfigurationPlatforms) = postSolution
		{D9E9BB70-4FDB-46B9-8D8D-4D22A7D98AAF}.Debug|Any CPU.ActiveCfg = Debug|Any CPU
		{D9E9BB70-4FDB-46B9-8D8D-4D22A7D98AAF}.Debug|Any CPU.Build.0 = Debug|Any CPU
		{D9E9BB70-4FDB-46B9-8D8D-4D22A7D98AAF}.Release|Any CPU.ActiveCfg = Release|Any CPU
		{D9E9BB70-4FDB-46B9-8D8D-4D22A7D98AAF}.Release|Any CPU.Build.0 = Release|Any CPU
		{3368B788-DA34-4A38-BCBF-D014692434ED}.Debug|Any CPU.ActiveCfg = Debug|Any CPU
		{3368B788-DA34-4A38-BCBF-D014692434ED}.Debug|Any CPU.Build.0 = Debug|Any CPU
		{3368B788-DA34-4A38-BCBF-D014692434ED}.Release|Any CPU.ActiveCfg = Release|Any CPU
		{3368B788-DA34-4A38-BCBF-D014692434ED}.Release|Any CPU.Build.0 = Release|Any CPU
		{68EEBA4D-A4C2-4080-92F5-B019711827FE}.Debug|Any CPU.ActiveCfg = Debug|Any CPU
		{68EEBA4D-A4C2-4080-92F5-B019711827FE}.Debug|Any CPU.Build.0 = Debug|Any CPU
		{68EEBA4D-A4C2-4080-92F5-B019711827FE}.Release|Any CPU.ActiveCfg = Release|Any CPU
		{68EEBA4D-A4C2-4080-92F5-B019711827FE}.Release|Any CPU.Build.0 = Release|Any CPU
		{068AE1CF-87E8-4F1E-BDE7-7D9EA1735261}.Debug|Any CPU.ActiveCfg = Debug|Any CPU
		{068AE1CF-87E8-4F1E-BDE7-7D9EA1735261}.Debug|Any CPU.Build.0 = Debug|Any CPU
		{068AE1CF-87E8-4F1E-BDE7-7D9EA1735261}.Release|Any CPU.ActiveCfg = Release|Any CPU
		{068AE1CF-87E8-4F1E-BDE7-7D9EA1735261}.Release|Any CPU.Build.0 = Release|Any CPU
		{05E4EC87-B996-4179-A906-EBC47B6A9230}.Debug|Any CPU.ActiveCfg = Debug|Any CPU
		{05E4EC87-B996-4179-A906-EBC47B6A9230}.Debug|Any CPU.Build.0 = Debug|Any CPU
		{05E4EC87-B996-4179-A906-EBC47B6A9230}.Release|Any CPU.ActiveCfg = Release|Any CPU
		{05E4EC87-B996-4179-A906-EBC47B6A9230}.Release|Any CPU.Build.0 = Release|Any CPU
		{DC1B5CF0-D9BA-4E88-BABE-5604FAC83EF4}.Debug|Any CPU.ActiveCfg = Debug|Any CPU
		{DC1B5CF0-D9BA-4E88-BABE-5604FAC83EF4}.Debug|Any CPU.Build.0 = Debug|Any CPU
		{DC1B5CF0-D9BA-4E88-BABE-5604FAC83EF4}.Release|Any CPU.ActiveCfg = Release|Any CPU
		{DC1B5CF0-D9BA-4E88-BABE-5604FAC83EF4}.Release|Any CPU.Build.0 = Release|Any CPU
		{687DE734-C12E-4628-834D-C5F0F9F5AAA1}.Debug|Any CPU.ActiveCfg = Debug|Any CPU
		{687DE734-C12E-4628-834D-C5F0F9F5AAA1}.Debug|Any CPU.Build.0 = Debug|Any CPU
		{687DE734-C12E-4628-834D-C5F0F9F5AAA1}.Release|Any CPU.ActiveCfg = Release|Any CPU
		{687DE734-C12E-4628-834D-C5F0F9F5AAA1}.Release|Any CPU.Build.0 = Release|Any CPU
	EndGlobalSection
	GlobalSection(SolutionProperties) = preSolution
		HideSolutionNode = FALSE
	EndGlobalSection
	GlobalSection(NestedProjects) = preSolution
		{ADE46BA4-A788-4740-9F5A-8FC32D7CA1C6} = {000E0146-EA8F-4C3E-9561-5A4C62A9A393}
		{6B866E66-7361-4E22-9964-5567269B3D2A} = {000E0146-EA8F-4C3E-9561-5A4C62A9A393}
		{8D46D027-2648-4ABD-8FFF-30497BE78A49} = {000E0146-EA8F-4C3E-9561-5A4C62A9A393}
		{A8A5D13D-16A9-4FA8-B74B-EB2408F7EC73} = {394895EC-A45D-4AD7-97B2-DA01E5E2726B}
		{A8AAA312-ECFE-44AF-ACD6-1B882A783381} = {394895EC-A45D-4AD7-97B2-DA01E5E2726B}
		{D9E9BB70-4FDB-46B9-8D8D-4D22A7D98AAF} = {ADE46BA4-A788-4740-9F5A-8FC32D7CA1C6}
		{05E4EC87-B996-4179-A906-EBC47B6A9230} = {ADE46BA4-A788-4740-9F5A-8FC32D7CA1C6}
		{687DE734-C12E-4628-834D-C5F0F9F5AAA1} = {6B866E66-7361-4E22-9964-5567269B3D2A}
		{68EEBA4D-A4C2-4080-92F5-B019711827FE} = {8D46D027-2648-4ABD-8FFF-30497BE78A49}
		{068AE1CF-87E8-4F1E-BDE7-7D9EA1735261} = {A8A5D13D-16A9-4FA8-B74B-EB2408F7EC73}
		{DC1B5CF0-D9BA-4E88-BABE-5604FAC83EF4} = {A8A5D13D-16A9-4FA8-B74B-EB2408F7EC73}
		{3368B788-DA34-4A38-BCBF-D014692434ED} = {A8AAA312-ECFE-44AF-ACD6-1B882A783381}
	EndGlobalSection
EndGlobal
