
Microsoft Visual Studio Solution File, Format Version 12.00
# Visual Studio 2012
Project("{2150E333-8FDC-42A3-9474-1A3956D46DE8}") = "Src", "Src", "{000E0146-EA8F-4C3E-9561-5A4C62A9A393}"
EndProject
Project("{2150E333-8FDC-42A3-9474-1A3956D46DE8}") = "Common", "Common", "{ADE46BA4-A788-4740-9F5A-8FC32D7CA1C6}"
EndProject
Project("{2150E333-8FDC-42A3-9474-1A3956D46DE8}") = "Interface", "Interface", "{6B866E66-7361-4E22-9964-5567269B3D2A}"
EndProject
Project("{2150E333-8FDC-42A3-9474-1A3956D46DE8}") = "Service", "Service", "{8D46D027-2648-4ABD-8FFF-30497BE78A49}"
EndProject
Project("{FAE04EC0-301F-11D3-BF4B-00C04F79EFBC}") = "RecommendationExporter", "RecommendationExporter\RecommendationExporter.csproj", "{9AF528BA-DCE2-43FD-8D84-E0197A6080C7}"
EndProject
Project("{FAE04EC0-301F-11D3-BF4B-00C04F79EFBC}") = "RecommendationImporter", "RecommendationImporter\RecommendationImporter.csproj", "{BF582291-5AA6-4D0A-8C28-A40926C10541}"
EndProject
Project("{FAE04EC0-301F-11D3-BF4B-00C04F79EFBC}") = "ServiceUtil", "ServiceUtil\ServiceUtil.csproj", "{4CE2A6F0-05F9-40C1-9302-FB3EEB220E69}"
EndProject
Project("{FAE04EC0-301F-11D3-BF4B-00C04F79EFBC}") = "DomainUtil", "DomainUtil\DomainUtil.csproj", "{095AEAC8-3791-4E51-A672-08C4A4D279B1}"
EndProject
Global
	GlobalSection(SolutionConfigurationPlatforms) = preSolution
		Debug|Any CPU = Debug|Any CPU
		Debug|x64 = Debug|x64
		Debug|x86 = Debug|x86
		Release|Any CPU = Release|Any CPU
		Release|x64 = Release|x64
		Release|x86 = Release|x86
	EndGlobalSection
	GlobalSection(ProjectConfigurationPlatforms) = postSolution
		{9AF528BA-DCE2-43FD-8D84-E0197A6080C7}.Debug|Any CPU.ActiveCfg = Debug|Any CPU
		{9AF528BA-DCE2-43FD-8D84-E0197A6080C7}.Debug|Any CPU.Build.0 = Debug|Any CPU
		{9AF528BA-DCE2-43FD-8D84-E0197A6080C7}.Debug|x64.ActiveCfg = Debug|Any CPU
		{9AF528BA-DCE2-43FD-8D84-E0197A6080C7}.Debug|x86.ActiveCfg = Debug|Any CPU
		{9AF528BA-DCE2-43FD-8D84-E0197A6080C7}.Release|Any CPU.ActiveCfg = Release|Any CPU
		{9AF528BA-DCE2-43FD-8D84-E0197A6080C7}.Release|Any CPU.Build.0 = Release|Any CPU
		{9AF528BA-DCE2-43FD-8D84-E0197A6080C7}.Release|x64.ActiveCfg = Release|Any CPU
		{9AF528BA-DCE2-43FD-8D84-E0197A6080C7}.Release|x86.ActiveCfg = Release|Any CPU
		{BF582291-5AA6-4D0A-8C28-A40926C10541}.Debug|Any CPU.ActiveCfg = Debug|Any CPU
		{BF582291-5AA6-4D0A-8C28-A40926C10541}.Debug|Any CPU.Build.0 = Debug|Any CPU
		{BF582291-5AA6-4D0A-8C28-A40926C10541}.Debug|x64.ActiveCfg = Debug|Any CPU
		{BF582291-5AA6-4D0A-8C28-A40926C10541}.Debug|x86.ActiveCfg = Debug|Any CPU
		{BF582291-5AA6-4D0A-8C28-A40926C10541}.Release|Any CPU.ActiveCfg = Release|Any CPU
		{BF582291-5AA6-4D0A-8C28-A40926C10541}.Release|Any CPU.Build.0 = Release|Any CPU
		{BF582291-5AA6-4D0A-8C28-A40926C10541}.Release|x64.ActiveCfg = Release|Any CPU
		{BF582291-5AA6-4D0A-8C28-A40926C10541}.Release|x86.ActiveCfg = Release|Any CPU
		{4CE2A6F0-05F9-40C1-9302-FB3EEB220E69}.Debug|Any CPU.ActiveCfg = Debug|Any CPU
		{4CE2A6F0-05F9-40C1-9302-FB3EEB220E69}.Debug|Any CPU.Build.0 = Debug|Any CPU
		{4CE2A6F0-05F9-40C1-9302-FB3EEB220E69}.Debug|x64.ActiveCfg = Debug|Any CPU
		{4CE2A6F0-05F9-40C1-9302-FB3EEB220E69}.Debug|x86.ActiveCfg = Debug|Any CPU
		{4CE2A6F0-05F9-40C1-9302-FB3EEB220E69}.Release|Any CPU.ActiveCfg = Release|Any CPU
		{4CE2A6F0-05F9-40C1-9302-FB3EEB220E69}.Release|Any CPU.Build.0 = Release|Any CPU
		{4CE2A6F0-05F9-40C1-9302-FB3EEB220E69}.Release|x64.ActiveCfg = Release|Any CPU
		{4CE2A6F0-05F9-40C1-9302-FB3EEB220E69}.Release|x86.ActiveCfg = Release|Any CPU
		{095AEAC8-3791-4E51-A672-08C4A4D279B1}.Debug|Any CPU.ActiveCfg = Debug|Any CPU
		{095AEAC8-3791-4E51-A672-08C4A4D279B1}.Debug|Any CPU.Build.0 = Debug|Any CPU
		{095AEAC8-3791-4E51-A672-08C4A4D279B1}.Debug|x64.ActiveCfg = Debug|Any CPU
		{095AEAC8-3791-4E51-A672-08C4A4D279B1}.Debug|x86.ActiveCfg = Debug|Any CPU
		{095AEAC8-3791-4E51-A672-08C4A4D279B1}.Release|Any CPU.ActiveCfg = Release|Any CPU
		{095AEAC8-3791-4E51-A672-08C4A4D279B1}.Release|Any CPU.Build.0 = Release|Any CPU
		{095AEAC8-3791-4E51-A672-08C4A4D279B1}.Release|x64.ActiveCfg = Release|Any CPU
		{095AEAC8-3791-4E51-A672-08C4A4D279B1}.Release|x86.ActiveCfg = Release|Any CPU
	EndGlobalSection
	GlobalSection(SolutionProperties) = preSolution
		HideSolutionNode = FALSE
	EndGlobalSection
	GlobalSection(NestedProjects) = preSolution
		{ADE46BA4-A788-4740-9F5A-8FC32D7CA1C6} = {000E0146-EA8F-4C3E-9561-5A4C62A9A393}
		{6B866E66-7361-4E22-9964-5567269B3D2A} = {000E0146-EA8F-4C3E-9561-5A4C62A9A393}
		{8D46D027-2648-4ABD-8FFF-30497BE78A49} = {000E0146-EA8F-4C3E-9561-5A4C62A9A393}
		{095AEAC8-3791-4E51-A672-08C4A4D279B1} = {ADE46BA4-A788-4740-9F5A-8FC32D7CA1C6}
		{BF582291-5AA6-4D0A-8C28-A40926C10541} = {6B866E66-7361-4E22-9964-5567269B3D2A}
		{9AF528BA-DCE2-43FD-8D84-E0197A6080C7} = {6B866E66-7361-4E22-9964-5567269B3D2A}
		{4CE2A6F0-05F9-40C1-9302-FB3EEB220E69} = {8D46D027-2648-4ABD-8FFF-30497BE78A49}
	EndGlobalSection
EndGlobal
